
Microsoft Visual Studio Solution File, Format Version 12.00
# Visual Studio Version 17
VisualStudioVersion = 17.3.32929.385
MinimumVisualStudioVersion = 10.0.40219.1
Project("{FAE04EC0-301F-11D3-BF4B-00C04F79EFBC}") = "NZWalks.API", "NZWalks.API\NZWalks.API.csproj", "{B758F8A0-2A65-4CD4-86B0-E4D4B6AAA5ED}"
EndProject
Global
	GlobalSection(SolutionConfigurationPlatforms) = preSolution
		Debug|Any CPU = Debug|Any CPU
		Release|Any CPU = Release|Any CPU
	EndGlobalSection
	GlobalSection(ProjectConfigurationPlatforms) = postSolution
		{B758F8A0-2A65-4CD4-86B0-E4D4B6AAA5ED}.Debug|Any CPU.ActiveCfg = Debug|Any CPU
		{B758F8A0-2A65-4CD4-86B0-E4D4B6AAA5ED}.Debug|Any CPU.Build.0 = Debug|Any CPU
		{B758F8A0-2A65-4CD4-86B0-E4D4B6AAA5ED}.Release|Any CPU.ActiveCfg = Release|Any CPU
		{B758F8A0-2A65-4CD4-86B0-E4D4B6AAA5ED}.Release|Any CPU.Build.0 = Release|Any CPU
	EndGlobalSection
	GlobalSection(SolutionProperties) = preSolution
		HideSolutionNode = FALSE
	EndGlobalSection
	GlobalSection(ExtensibilityGlobals) = postSolution
		SolutionGuid = {D84C2FFD-E83F-45CF-A948-2AC96A52A1A5}
	EndGlobalSection
EndGlobal
